// !$*UTF8*$!
{
	archiveVersion = 1;
	classes = {
	};
	objectVersion = 55;
	objects = {

/* Begin PBXBuildFile section */
		220AD120288A3D1400E344CA /* ConstantsConstraints.swift in Sources */ = {isa = PBXBuildFile; fileRef = 220AD11F288A3D1400E344CA /* ConstantsConstraints.swift */; };
		7C07718E2864B21000BDB1D4 /* RegisterScreen.swift in Sources */ = {isa = PBXBuildFile; fileRef = 7C07718D2864B21000BDB1D4 /* RegisterScreen.swift */; };
		7C0771902864B22500BDB1D4 /* RegisterVC.swift in Sources */ = {isa = PBXBuildFile; fileRef = 7C07718F2864B22500BDB1D4 /* RegisterVC.swift */; };
		7C0DE879284EE88E00C37198 /* UIButtonDefault.swift in Sources */ = {isa = PBXBuildFile; fileRef = 7C0DE878284EE88E00C37198 /* UIButtonDefault.swift */; };
		7CAA78672846612D003380CB /* AppDelegate.swift in Sources */ = {isa = PBXBuildFile; fileRef = 7CAA78662846612D003380CB /* AppDelegate.swift */; };
		7CAA78692846612D003380CB /* SceneDelegate.swift in Sources */ = {isa = PBXBuildFile; fileRef = 7CAA78682846612D003380CB /* SceneDelegate.swift */; };
		7CAA786B2846612D003380CB /* LoginViewController.swift in Sources */ = {isa = PBXBuildFile; fileRef = 7CAA786A2846612D003380CB /* LoginViewController.swift */; };
		7CAA78702846612F003380CB /* Assets.xcassets in Resources */ = {isa = PBXBuildFile; fileRef = 7CAA786F2846612F003380CB /* Assets.xcassets */; };
		7CAA78732846612F003380CB /* LaunchScreen.storyboard in Resources */ = {isa = PBXBuildFile; fileRef = 7CAA78712846612F003380CB /* LaunchScreen.storyboard */; };
		7CAA787E2846B8FB003380CB /* LoginScreen.swift in Sources */ = {isa = PBXBuildFile; fileRef = 7CAA787D2846B8FB003380CB /* LoginScreen.swift */; };
		7CCF3E0928470453009D33C3 /* UILabelDefault.swift in Sources */ = {isa = PBXBuildFile; fileRef = 7CCF3E0828470453009D33C3 /* UILabelDefault.swift */; };
		7CCF3E0B2847B2D9009D33C3 /* UIImageDefault.swift in Sources */ = {isa = PBXBuildFile; fileRef = 7CCF3E0A2847B2D9009D33C3 /* UIImageDefault.swift */; };
		7CD4EEBC2849A94400F2390C /* UITextFieldDefault.swift in Sources */ = {isa = PBXBuildFile; fileRef = 7CD4EEBB2849A94400F2390C /* UITextFieldDefault.swift */; };
		8F530836DA8E63CEA68C4D41 /* Pods_appViewCode_Message.framework in Frameworks */ = {isa = PBXBuildFile; fileRef = 74657DC0DB53A2451B74F44F /* Pods_appViewCode_Message.framework */; };
/* End PBXBuildFile section */

/* Begin PBXFileReference section */
		220AD11F288A3D1400E344CA /* ConstantsConstraints.swift */ = {isa = PBXFileReference; lastKnownFileType = sourcecode.swift; path = ConstantsConstraints.swift; sourceTree = "<group>"; };
		74657DC0DB53A2451B74F44F /* Pods_appViewCode_Message.framework */ = {isa = PBXFileReference; explicitFileType = wrapper.framework; includeInIndex = 0; path = Pods_appViewCode_Message.framework; sourceTree = BUILT_PRODUCTS_DIR; };
		7C07718D2864B21000BDB1D4 /* RegisterScreen.swift */ = {isa = PBXFileReference; lastKnownFileType = sourcecode.swift; path = RegisterScreen.swift; sourceTree = "<group>"; };
		7C07718F2864B22500BDB1D4 /* RegisterVC.swift */ = {isa = PBXFileReference; lastKnownFileType = sourcecode.swift; path = RegisterVC.swift; sourceTree = "<group>"; };
		7C0DE878284EE88E00C37198 /* UIButtonDefault.swift */ = {isa = PBXFileReference; lastKnownFileType = sourcecode.swift; path = UIButtonDefault.swift; sourceTree = "<group>"; };
		7CAA78632846612D003380CB /* appViewCode-Message.app */ = {isa = PBXFileReference; explicitFileType = wrapper.application; includeInIndex = 0; path = "appViewCode-Message.app"; sourceTree = BUILT_PRODUCTS_DIR; };
		7CAA78662846612D003380CB /* AppDelegate.swift */ = {isa = PBXFileReference; lastKnownFileType = sourcecode.swift; path = AppDelegate.swift; sourceTree = "<group>"; };
		7CAA78682846612D003380CB /* SceneDelegate.swift */ = {isa = PBXFileReference; lastKnownFileType = sourcecode.swift; path = SceneDelegate.swift; sourceTree = "<group>"; };
		7CAA786A2846612D003380CB /* LoginViewController.swift */ = {isa = PBXFileReference; lastKnownFileType = sourcecode.swift; path = LoginViewController.swift; sourceTree = "<group>"; };
		7CAA786F2846612F003380CB /* Assets.xcassets */ = {isa = PBXFileReference; lastKnownFileType = folder.assetcatalog; path = Assets.xcassets; sourceTree = "<group>"; };
		7CAA78722846612F003380CB /* Base */ = {isa = PBXFileReference; lastKnownFileType = file.storyboard; name = Base; path = Base.lproj/LaunchScreen.storyboard; sourceTree = "<group>"; };
		7CAA78742846612F003380CB /* Info.plist */ = {isa = PBXFileReference; lastKnownFileType = text.plist.xml; path = Info.plist; sourceTree = "<group>"; };
		7CAA787D2846B8FB003380CB /* LoginScreen.swift */ = {isa = PBXFileReference; lastKnownFileType = sourcecode.swift; path = LoginScreen.swift; sourceTree = "<group>"; };
		7CCF3E0828470453009D33C3 /* UILabelDefault.swift */ = {isa = PBXFileReference; lastKnownFileType = sourcecode.swift; path = UILabelDefault.swift; sourceTree = "<group>"; };
		7CCF3E0A2847B2D9009D33C3 /* UIImageDefault.swift */ = {isa = PBXFileReference; lastKnownFileType = sourcecode.swift; path = UIImageDefault.swift; sourceTree = "<group>"; };
		7CD4EEBB2849A94400F2390C /* UITextFieldDefault.swift */ = {isa = PBXFileReference; lastKnownFileType = sourcecode.swift; path = UITextFieldDefault.swift; sourceTree = "<group>"; };
		CFBF67EBF196EF1DB78545E9 /* Pods-appViewCode-Message.release.xcconfig */ = {isa = PBXFileReference; includeInIndex = 1; lastKnownFileType = text.xcconfig; name = "Pods-appViewCode-Message.release.xcconfig"; path = "Target Support Files/Pods-appViewCode-Message/Pods-appViewCode-Message.release.xcconfig"; sourceTree = "<group>"; };
		DF445F1A96764019D8A79289 /* Pods-appViewCode-Message.debug.xcconfig */ = {isa = PBXFileReference; includeInIndex = 1; lastKnownFileType = text.xcconfig; name = "Pods-appViewCode-Message.debug.xcconfig"; path = "Target Support Files/Pods-appViewCode-Message/Pods-appViewCode-Message.debug.xcconfig"; sourceTree = "<group>"; };
/* End PBXFileReference section */

/* Begin PBXFrameworksBuildPhase section */
		7CAA78602846612D003380CB /* Frameworks */ = {
			isa = PBXFrameworksBuildPhase;
			buildActionMask = 2147483647;
			files = (
				8F530836DA8E63CEA68C4D41 /* Pods_appViewCode_Message.framework in Frameworks */,
			);
			runOnlyForDeploymentPostprocessing = 0;
		};
/* End PBXFrameworksBuildPhase section */

/* Begin PBXGroup section */
		464653A04748D3888BCBAF05 /* Pods */ = {
			isa = PBXGroup;
			children = (
				DF445F1A96764019D8A79289 /* Pods-appViewCode-Message.debug.xcconfig */,
				CFBF67EBF196EF1DB78545E9 /* Pods-appViewCode-Message.release.xcconfig */,
			);
			name = Pods;
			path = Pods;
			sourceTree = "<group>";
		};
		7C07718A2864B1DF00BDB1D4 /* Register */ = {
			isa = PBXGroup;
			children = (
				7C07718C2864B1EF00BDB1D4 /* Screen */,
				7C07718B2864B1E800BDB1D4 /* VC */,
			);
			path = Register;
			sourceTree = "<group>";
		};
		7C07718B2864B1E800BDB1D4 /* VC */ = {
			isa = PBXGroup;
			children = (
				7C07718F2864B22500BDB1D4 /* RegisterVC.swift */,
			);
			path = VC;
			sourceTree = "<group>";
		};
		7C07718C2864B1EF00BDB1D4 /* Screen */ = {
			isa = PBXGroup;
			children = (
				7C07718D2864B21000BDB1D4 /* RegisterScreen.swift */,
			);
			path = Screen;
			sourceTree = "<group>";
		};
		7CAA785A2846612D003380CB = {
			isa = PBXGroup;
			children = (
				7CAA78652846612D003380CB /* appViewCode-Message */,
				7CAA78642846612D003380CB /* Products */,
				464653A04748D3888BCBAF05 /* Pods */,
				97EDB6E328D545BE08E7529D /* Frameworks */,
			);
			sourceTree = "<group>";
		};
		7CAA78642846612D003380CB /* Products */ = {
			isa = PBXGroup;
			children = (
				7CAA78632846612D003380CB /* appViewCode-Message.app */,
			);
			name = Products;
			sourceTree = "<group>";
		};
		7CAA78652846612D003380CB /* appViewCode-Message */ = {
			isa = PBXGroup;
			children = (
				7C07718A2864B1DF00BDB1D4 /* Register */,
				7CCF3E072847042E009D33C3 /* Components */,
				7CAA787A2846B8C7003380CB /* Login */,
				7CAA78662846612D003380CB /* AppDelegate.swift */,
				7CAA78682846612D003380CB /* SceneDelegate.swift */,
				7CAA786F2846612F003380CB /* Assets.xcassets */,
				7CAA78712846612F003380CB /* LaunchScreen.storyboard */,
				7CAA78742846612F003380CB /* Info.plist */,
			);
			path = "appViewCode-Message";
			sourceTree = "<group>";
		};
		7CAA787A2846B8C7003380CB /* Login */ = {
			isa = PBXGroup;
			children = (
				7CAA787C2846B8DE003380CB /* Screen */,
				7CAA787B2846B8D7003380CB /* VC */,
			);
			path = Login;
			sourceTree = "<group>";
		};
		7CAA787B2846B8D7003380CB /* VC */ = {
			isa = PBXGroup;
			children = (
				7CAA786A2846612D003380CB /* LoginViewController.swift */,
			);
			path = VC;
			sourceTree = "<group>";
		};
		7CAA787C2846B8DE003380CB /* Screen */ = {
			isa = PBXGroup;
			children = (
				7CAA787D2846B8FB003380CB /* LoginScreen.swift */,
			);
			path = Screen;
			sourceTree = "<group>";
		};
		7CCF3E072847042E009D33C3 /* Components */ = {
			isa = PBXGroup;
			children = (
				7CCF3E0828470453009D33C3 /* UILabelDefault.swift */,
				7CCF3E0A2847B2D9009D33C3 /* UIImageDefault.swift */,
				7CD4EEBB2849A94400F2390C /* UITextFieldDefault.swift */,
				7C0DE878284EE88E00C37198 /* UIButtonDefault.swift */,
				220AD11F288A3D1400E344CA /* ConstantsConstraints.swift */,
			);
			path = Components;
			sourceTree = "<group>";
		};
		97EDB6E328D545BE08E7529D /* Frameworks */ = {
			isa = PBXGroup;
			children = (
				74657DC0DB53A2451B74F44F /* Pods_appViewCode_Message.framework */,
			);
			name = Frameworks;
			sourceTree = "<group>";
		};
/* End PBXGroup section */

/* Begin PBXNativeTarget section */
		7CAA78622846612D003380CB /* appViewCode-Message */ = {
			isa = PBXNativeTarget;
			buildConfigurationList = 7CAA78772846612F003380CB /* Build configuration list for PBXNativeTarget "appViewCode-Message" */;
			buildPhases = (
				5DD8009B4034B938CA507267 /* [CP] Check Pods Manifest.lock */,
				7CAA785F2846612D003380CB /* Sources */,
				7CAA78602846612D003380CB /* Frameworks */,
				7CAA78612846612D003380CB /* Resources */,
				785537FAE52A4204F0024FE0 /* [CP] Embed Pods Frameworks */,
			);
			buildRules = (
			);
			dependencies = (
			);
			name = "appViewCode-Message";
			productName = "appViewCode-Message";
			productReference = 7CAA78632846612D003380CB /* appViewCode-Message.app */;
			productType = "com.apple.product-type.application";
		};
/* End PBXNativeTarget section */

/* Begin PBXProject section */
		7CAA785B2846612D003380CB /* Project object */ = {
			isa = PBXProject;
			attributes = {
				BuildIndependentTargetsInParallel = 1;
				LastSwiftUpdateCheck = 1330;
				LastUpgradeCheck = 1330;
				TargetAttributes = {
					7CAA78622846612D003380CB = {
						CreatedOnToolsVersion = 13.3;
					};
				};
			};
			buildConfigurationList = 7CAA785E2846612D003380CB /* Build configuration list for PBXProject "appViewCode-Message" */;
			compatibilityVersion = "Xcode 13.0";
			developmentRegion = en;
			hasScannedForEncodings = 0;
			knownRegions = (
				en,
				Base,
			);
			mainGroup = 7CAA785A2846612D003380CB;
			productRefGroup = 7CAA78642846612D003380CB /* Products */;
			projectDirPath = "";
			projectRoot = "";
			targets = (
				7CAA78622846612D003380CB /* appViewCode-Message */,
			);
		};
/* End PBXProject section */

/* Begin PBXResourcesBuildPhase section */
		7CAA78612846612D003380CB /* Resources */ = {
			isa = PBXResourcesBuildPhase;
			buildActionMask = 2147483647;
			files = (
				7CAA78732846612F003380CB /* LaunchScreen.storyboard in Resources */,
				7CAA78702846612F003380CB /* Assets.xcassets in Resources */,
			);
			runOnlyForDeploymentPostprocessing = 0;
		};
/* End PBXResourcesBuildPhase section */

/* Begin PBXShellScriptBuildPhase section */
		5DD8009B4034B938CA507267 /* [CP] Check Pods Manifest.lock */ = {
			isa = PBXShellScriptBuildPhase;
			buildActionMask = 2147483647;
			files = (
			);
			inputFileListPaths = (
			);
			inputPaths = (
				"${PODS_PODFILE_DIR_PATH}/Podfile.lock",
				"${PODS_ROOT}/Manifest.lock",
			);
			name = "[CP] Check Pods Manifest.lock";
			outputFileListPaths = (
			);
			outputPaths = (
				"$(DERIVED_FILE_DIR)/Pods-appViewCode-Message-checkManifestLockResult.txt",
			);
			runOnlyForDeploymentPostprocessing = 0;
			shellPath = /bin/sh;
			shellScript = "diff \"${PODS_PODFILE_DIR_PATH}/Podfile.lock\" \"${PODS_ROOT}/Manifest.lock\" > /dev/null\nif [ $? != 0 ] ; then\n    # print error to STDERR\n    echo \"error: The sandbox is not in sync with the Podfile.lock. Run 'pod install' or update your CocoaPods installation.\" >&2\n    exit 1\nfi\n# This output is used by Xcode 'outputs' to avoid re-running this script phase.\necho \"SUCCESS\" > \"${SCRIPT_OUTPUT_FILE_0}\"\n";
			showEnvVarsInLog = 0;
		};
		785537FAE52A4204F0024FE0 /* [CP] Embed Pods Frameworks */ = {
			isa = PBXShellScriptBuildPhase;
			buildActionMask = 2147483647;
			files = (
			);
			inputFileListPaths = (
				"${PODS_ROOT}/Target Support Files/Pods-appViewCode-Message/Pods-appViewCode-Message-frameworks-${CONFIGURATION}-input-files.xcfilelist",
			);
			name = "[CP] Embed Pods Frameworks";
			outputFileListPaths = (
				"${PODS_ROOT}/Target Support Files/Pods-appViewCode-Message/Pods-appViewCode-Message-frameworks-${CONFIGURATION}-output-files.xcfilelist",
			);
			runOnlyForDeploymentPostprocessing = 0;
			shellPath = /bin/sh;
			shellScript = "\"${PODS_ROOT}/Target Support Files/Pods-appViewCode-Message/Pods-appViewCode-Message-frameworks.sh\"\n";
			showEnvVarsInLog = 0;
		};
/* End PBXShellScriptBuildPhase section */

/* Begin PBXSourcesBuildPhase section */
		7CAA785F2846612D003380CB /* Sources */ = {
			isa = PBXSourcesBuildPhase;
			buildActionMask = 2147483647;
			files = (
				7CAA786B2846612D003380CB /* LoginViewController.swift in Sources */,
				7CAA787E2846B8FB003380CB /* LoginScreen.swift in Sources */,
				220AD120288A3D1400E344CA /* ConstantsConstraints.swift in Sources */,
				7CAA78672846612D003380CB /* AppDelegate.swift in Sources */,
				7C07718E2864B21000BDB1D4 /* RegisterScreen.swift in Sources */,
				7CAA78692846612D003380CB /* SceneDelegate.swift in Sources */,
				7CD4EEBC2849A94400F2390C /* UITextFieldDefault.swift in Sources */,
				7CCF3E0928470453009D33C3 /* UILabelDefault.swift in Sources */,
				7CCF3E0B2847B2D9009D33C3 /* UIImageDefault.swift in Sources */,
				7C0771902864B22500BDB1D4 /* RegisterVC.swift in Sources */,
				7C0DE879284EE88E00C37198 /* UIButtonDefault.swift in Sources */,
			);
			runOnlyForDeploymentPostprocessing = 0;
		};
/* End PBXSourcesBuildPhase section */

/* Begin PBXVariantGroup section */
		7CAA78712846612F003380CB /* LaunchScreen.storyboard */ = {
			isa = PBXVariantGroup;
			children = (
				7CAA78722846612F003380CB /* Base */,
			);
			name = LaunchScreen.storyboard;
			sourceTree = "<group>";
		};
/* End PBXVariantGroup section */

/* Begin XCBuildConfiguration section */
		7CAA78752846612F003380CB /* Debug */ = {
			isa = XCBuildConfiguration;
			buildSettings = {
				ALWAYS_SEARCH_USER_PATHS = NO;
				CLANG_ANALYZER_NONNULL = YES;
				CLANG_ANALYZER_NUMBER_OBJECT_CONVERSION = YES_AGGRESSIVE;
				CLANG_CXX_LANGUAGE_STANDARD = "gnu++17";
				CLANG_ENABLE_MODULES = YES;
				CLANG_ENABLE_OBJC_ARC = YES;
				CLANG_ENABLE_OBJC_WEAK = YES;
				CLANG_WARN_BLOCK_CAPTURE_AUTORELEASING = YES;
				CLANG_WARN_BOOL_CONVERSION = YES;
				CLANG_WARN_COMMA = YES;
				CLANG_WARN_CONSTANT_CONVERSION = YES;
				CLANG_WARN_DEPRECATED_OBJC_IMPLEMENTATIONS = YES;
				CLANG_WARN_DIRECT_OBJC_ISA_USAGE = YES_ERROR;
				CLANG_WARN_DOCUMENTATION_COMMENTS = YES;
				CLANG_WARN_EMPTY_BODY = YES;
				CLANG_WARN_ENUM_CONVERSION = YES;
				CLANG_WARN_INFINITE_RECURSION = YES;
				CLANG_WARN_INT_CONVERSION = YES;
				CLANG_WARN_NON_LITERAL_NULL_CONVERSION = YES;
				CLANG_WARN_OBJC_IMPLICIT_RETAIN_SELF = YES;
				CLANG_WARN_OBJC_LITERAL_CONVERSION = YES;
				CLANG_WARN_OBJC_ROOT_CLASS = YES_ERROR;
				CLANG_WARN_QUOTED_INCLUDE_IN_FRAMEWORK_HEADER = YES;
				CLANG_WARN_RANGE_LOOP_ANALYSIS = YES;
				CLANG_WARN_STRICT_PROTOTYPES = YES;
				CLANG_WARN_SUSPICIOUS_MOVE = YES;
				CLANG_WARN_UNGUARDED_AVAILABILITY = YES_AGGRESSIVE;
				CLANG_WARN_UNREACHABLE_CODE = YES;
				CLANG_WARN__DUPLICATE_METHOD_MATCH = YES;
				COPY_PHASE_STRIP = NO;
				DEBUG_INFORMATION_FORMAT = dwarf;
				ENABLE_STRICT_OBJC_MSGSEND = YES;
				ENABLE_TESTABILITY = YES;
				GCC_C_LANGUAGE_STANDARD = gnu11;
				GCC_DYNAMIC_NO_PIC = NO;
				GCC_NO_COMMON_BLOCKS = YES;
				GCC_OPTIMIZATION_LEVEL = 0;
				GCC_PREPROCESSOR_DEFINITIONS = (
					"DEBUG=1",
					"$(inherited)",
				);
				GCC_WARN_64_TO_32_BIT_CONVERSION = YES;
				GCC_WARN_ABOUT_RETURN_TYPE = YES_ERROR;
				GCC_WARN_UNDECLARED_SELECTOR = YES;
				GCC_WARN_UNINITIALIZED_AUTOS = YES_AGGRESSIVE;
				GCC_WARN_UNUSED_FUNCTION = YES;
				GCC_WARN_UNUSED_VARIABLE = YES;
				IPHONEOS_DEPLOYMENT_TARGET = 15.4;
				MTL_ENABLE_DEBUG_INFO = INCLUDE_SOURCE;
				MTL_FAST_MATH = YES;
				ONLY_ACTIVE_ARCH = YES;
				SDKROOT = iphoneos;
				SWIFT_ACTIVE_COMPILATION_CONDITIONS = DEBUG;
				SWIFT_OPTIMIZATION_LEVEL = "-Onone";
			};
			name = Debug;
		};
		7CAA78762846612F003380CB /* Release */ = {
			isa = XCBuildConfiguration;
			buildSettings = {
				ALWAYS_SEARCH_USER_PATHS = NO;
				CLANG_ANALYZER_NONNULL = YES;
				CLANG_ANALYZER_NUMBER_OBJECT_CONVERSION = YES_AGGRESSIVE;
				CLANG_CXX_LANGUAGE_STANDARD = "gnu++17";
				CLANG_ENABLE_MODULES = YES;
				CLANG_ENABLE_OBJC_ARC = YES;
				CLANG_ENABLE_OBJC_WEAK = YES;
				CLANG_WARN_BLOCK_CAPTURE_AUTORELEASING = YES;
				CLANG_WARN_BOOL_CONVERSION = YES;
				CLANG_WARN_COMMA = YES;
				CLANG_WARN_CONSTANT_CONVERSION = YES;
				CLANG_WARN_DEPRECATED_OBJC_IMPLEMENTATIONS = YES;
				CLANG_WARN_DIRECT_OBJC_ISA_USAGE = YES_ERROR;
				CLANG_WARN_DOCUMENTATION_COMMENTS = YES;
				CLANG_WARN_EMPTY_BODY = YES;
				CLANG_WARN_ENUM_CONVERSION = YES;
				CLANG_WARN_INFINITE_RECURSION = YES;
				CLANG_WARN_INT_CONVERSION = YES;
				CLANG_WARN_NON_LITERAL_NULL_CONVERSION = YES;
				CLANG_WARN_OBJC_IMPLICIT_RETAIN_SELF = YES;
				CLANG_WARN_OBJC_LITERAL_CONVERSION = YES;
				CLANG_WARN_OBJC_ROOT_CLASS = YES_ERROR;
				CLANG_WARN_QUOTED_INCLUDE_IN_FRAMEWORK_HEADER = YES;
				CLANG_WARN_RANGE_LOOP_ANALYSIS = YES;
				CLANG_WARN_STRICT_PROTOTYPES = YES;
				CLANG_WARN_SUSPICIOUS_MOVE = YES;
				CLANG_WARN_UNGUARDED_AVAILABILITY = YES_AGGRESSIVE;
				CLANG_WARN_UNREACHABLE_CODE = YES;
				CLANG_WARN__DUPLICATE_METHOD_MATCH = YES;
				COPY_PHASE_STRIP = NO;
				DEBUG_INFORMATION_FORMAT = "dwarf-with-dsym";
				ENABLE_NS_ASSERTIONS = NO;
				ENABLE_STRICT_OBJC_MSGSEND = YES;
				GCC_C_LANGUAGE_STANDARD = gnu11;
				GCC_NO_COMMON_BLOCKS = YES;
				GCC_WARN_64_TO_32_BIT_CONVERSION = YES;
				GCC_WARN_ABOUT_RETURN_TYPE = YES_ERROR;
				GCC_WARN_UNDECLARED_SELECTOR = YES;
				GCC_WARN_UNINITIALIZED_AUTOS = YES_AGGRESSIVE;
				GCC_WARN_UNUSED_FUNCTION = YES;
				GCC_WARN_UNUSED_VARIABLE = YES;
				IPHONEOS_DEPLOYMENT_TARGET = 15.4;
				MTL_ENABLE_DEBUG_INFO = NO;
				MTL_FAST_MATH = YES;
				SDKROOT = iphoneos;
				SWIFT_COMPILATION_MODE = wholemodule;
				SWIFT_OPTIMIZATION_LEVEL = "-O";
				VALIDATE_PRODUCT = YES;
			};
			name = Release;
		};
		7CAA78782846612F003380CB /* Debug */ = {
			isa = XCBuildConfiguration;
			baseConfigurationReference = DF445F1A96764019D8A79289 /* Pods-appViewCode-Message.debug.xcconfig */;
			buildSettings = {
				ASSETCATALOG_COMPILER_APPICON_NAME = AppIcon;
				ASSETCATALOG_COMPILER_GLOBAL_ACCENT_COLOR_NAME = AccentColor;
				CODE_SIGN_STYLE = Automatic;
				CURRENT_PROJECT_VERSION = 1;
				DEVELOPMENT_TEAM = 9Y3YYN3XLN;
				GENERATE_INFOPLIST_FILE = YES;
				INFOPLIST_FILE = "appViewCode-Message/Info.plist";
				INFOPLIST_KEY_UIApplicationSupportsIndirectInputEvents = YES;
				INFOPLIST_KEY_UILaunchStoryboardName = LaunchScreen;
				INFOPLIST_KEY_UISupportedInterfaceOrientations_iPad = "UIInterfaceOrientationPortrait UIInterfaceOrientationPortraitUpsideDown UIInterfaceOrientationLandscapeLeft UIInterfaceOrientationLandscapeRight";
				INFOPLIST_KEY_UISupportedInterfaceOrientations_iPhone = "UIInterfaceOrientationPortrait UIInterfaceOrientationLandscapeLeft UIInterfaceOrientationLandscapeRight";
				LD_RUNPATH_SEARCH_PATHS = (
					"$(inherited)",
					"@executable_path/Frameworks",
				);
				MARKETING_VERSION = 1.0;
				PRODUCT_BUNDLE_IDENTIFIER = "br.com.kaique.appViewCode-Message";
				PRODUCT_NAME = "$(TARGET_NAME)";
				SWIFT_EMIT_LOC_STRINGS = YES;
				SWIFT_VERSION = 5.0;
				TARGETED_DEVICE_FAMILY = "1,2";
			};
			name = Debug;
		};
		7CAA78792846612F003380CB /* Release */ = {
			isa = XCBuildConfiguration;
			baseConfigurationReference = CFBF67EBF196EF1DB78545E9 /* Pods-appViewCode-Message.release.xcconfig */;
			buildSettings = {
				ASSETCATALOG_COMPILER_APPICON_NAME = AppIcon;
				ASSETCATALOG_COMPILER_GLOBAL_ACCENT_COLOR_NAME = AccentColor;
				CODE_SIGN_STYLE = Automatic;
				CURRENT_PROJECT_VERSION = 1;
				DEVELOPMENT_TEAM = 9Y3YYN3XLN;
				GENERATE_INFOPLIST_FILE = YES;
				INFOPLIST_FILE = "appViewCode-Message/Info.plist";
				INFOPLIST_KEY_UIApplicationSupportsIndirectInputEvents = YES;
				INFOPLIST_KEY_UILaunchStoryboardName = LaunchScreen;
				INFOPLIST_KEY_UISupportedInterfaceOrientations_iPad = "UIInterfaceOrientationPortrait UIInterfaceOrientationPortraitUpsideDown UIInterfaceOrientationLandscapeLeft UIInterfaceOrientationLandscapeRight";
				INFOPLIST_KEY_UISupportedInterfaceOrientations_iPhone = "UIInterfaceOrientationPortrait UIInterfaceOrientationLandscapeLeft UIInterfaceOrientationLandscapeRight";
				LD_RUNPATH_SEARCH_PATHS = (
					"$(inherited)",
					"@executable_path/Frameworks",
				);
				MARKETING_VERSION = 1.0;
				PRODUCT_BUNDLE_IDENTIFIER = "br.com.kaique.appViewCode-Message";
				PRODUCT_NAME = "$(TARGET_NAME)";
				SWIFT_EMIT_LOC_STRINGS = YES;
				SWIFT_VERSION = 5.0;
				TARGETED_DEVICE_FAMILY = "1,2";
			};
			name = Release;
		};
/* End XCBuildConfiguration section */

/* Begin XCConfigurationList section */
		7CAA785E2846612D003380CB /* Build configuration list for PBXProject "appViewCode-Message" */ = {
			isa = XCConfigurationList;
			buildConfigurations = (
				7CAA78752846612F003380CB /* Debug */,
				7CAA78762846612F003380CB /* Release */,
			);
			defaultConfigurationIsVisible = 0;
			defaultConfigurationName = Release;
		};
		7CAA78772846612F003380CB /* Build configuration list for PBXNativeTarget "appViewCode-Message" */ = {
			isa = XCConfigurationList;
			buildConfigurations = (
				7CAA78782846612F003380CB /* Debug */,
				7CAA78792846612F003380CB /* Release */,
			);
			defaultConfigurationIsVisible = 0;
			defaultConfigurationName = Release;
		};
/* End XCConfigurationList section */
	};
	rootObject = 7CAA785B2846612D003380CB /* Project object */;
}
